
Microsoft Visual Studio Solution File, Format Version 12.00
# Visual Studio Version 17
VisualStudioVersion = 17.9.34616.47
MinimumVisualStudioVersion = 10.0.40219.1
Project("{FAE04EC0-301F-11D3-BF4B-00C04F79EFBC}") = "Andrusenko_WPF_3", "Andrusenko_WPF_3\Andrusenko_WPF_3.csproj", "{E417092E-C293-44C0-8B6F-2B19D06E3AEC}"
EndProject
Global
	GlobalSection(SolutionConfigurationPlatforms) = preSolution
		Debug|Any CPU = Debug|Any CPU
		Release|Any CPU = Release|Any CPU
	EndGlobalSection
	GlobalSection(ProjectConfigurationPlatforms) = postSolution
		{E417092E-C293-44C0-8B6F-2B19D06E3AEC}.Debug|Any CPU.ActiveCfg = Debug|Any CPU
		{E417092E-C293-44C0-8B6F-2B19D06E3AEC}.Debug|Any CPU.Build.0 = Debug|Any CPU
		{E417092E-C293-44C0-8B6F-2B19D06E3AEC}.Release|Any CPU.ActiveCfg = Release|Any CPU
		{E417092E-C293-44C0-8B6F-2B19D06E3AEC}.Release|Any CPU.Build.0 = Release|Any CPU
	EndGlobalSection
	GlobalSection(SolutionProperties) = preSolution
		HideSolutionNode = FALSE
	EndGlobalSection
	GlobalSection(ExtensibilityGlobals) = postSolution
		SolutionGuid = {8E5D7C53-4869-4B57-BDC6-CD3CAEAC5EFC}
	EndGlobalSection
EndGlobal
